// !$*UTF8*$!
{
	archiveVersion = 1;
	classes = {
	};
	objectVersion = 77;
	objects = {

/* Begin PBXBuildFile section */
		04997881EF39B8313277730F /* Foundation.framework in Frameworks */ = {isa = PBXBuildFile; fileRef = 5205392A0DD130DB98AFC36E /* Foundation.framework */; };
		1014ED33865AF5F81A388B34 /* LifeFlowCore in Frameworks */ = {isa = PBXBuildFile; productRef = F99043EF9B3E855242FBEFF5 /* LifeFlowCore */; };
		194BD5D6A8EFE3B32C3BD83E /* LifeFlowCore in Frameworks */ = {isa = PBXBuildFile; productRef = 741CD24F620CE5D7681A88A7 /* LifeFlowCore */; };
		3AF78108D3A9BCE81D1C0CE6 /* WatchConnectivityBridge.swift in Sources */ = {isa = PBXBuildFile; fileRef = 592F4EADD286F4952E486180 /* WatchConnectivityBridge.swift */; };
		3EA56AD4F761DDE1BF1F2495 /* WatchWorkoutManager.swift in Sources */ = {isa = PBXBuildFile; fileRef = F304B6F404563036A390D6B4 /* WatchWorkoutManager.swift */; };
		5539109B630CF992EE022789 /* WatchPostRunSummaryView.swift in Sources */ = {isa = PBXBuildFile; fileRef = 77F3B7EE50E5E4F18CF8E726 /* WatchPostRunSummaryView.swift */; };
		56441BECB0E214B90ED11D58 /* LifeFlowRunComplicationWidget.swift in Sources */ = {isa = PBXBuildFile; fileRef = 25E532B56A95087DE172F9F5 /* LifeFlowRunComplicationWidget.swift */; };
		66488A6026710810AAF37AC4 /* LifeFlowRunIntents.swift in Sources */ = {isa = PBXBuildFile; fileRef = 6209F5E29A594C0ADDB39834 /* LifeFlowRunIntents.swift */; };
		74CB488FE2EB7AB2B0769523 /* WatchSettingsView.swift in Sources */ = {isa = PBXBuildFile; fileRef = 5A51EAC6C8E8CDB5297C0D66 /* WatchSettingsView.swift */; };
		796FBE36D283E2900146F4FF /* WatchRunHUDView.swift in Sources */ = {isa = PBXBuildFile; fileRef = 8A9455FC76EFAFCE2C28095A /* WatchRunHUDView.swift */; };
		79F648A6DA383EF1B3256F34 /* WidgetFormatting.swift in Sources */ = {isa = PBXBuildFile; fileRef = 79011D46AD4789446BF240EA /* WidgetFormatting.swift */; };
		8788428D28CFB15D6B940CF1 /* LifeFlowQuickControlWidget.swift in Sources */ = {isa = PBXBuildFile; fileRef = DB3B594CB9BB69BDE45FA18E /* LifeFlowQuickControlWidget.swift */; };
		94A39105CC31483C7B04B3DB /* IntentActionRelay.swift in Sources */ = {isa = PBXBuildFile; fileRef = 33F7F8EBA318A38AB12A6988 /* IntentActionRelay.swift */; };
		95F31FD897F3F07E3421B7F4 /* LifeFlowCore in Frameworks */ = {isa = PBXBuildFile; productRef = 495F1452743E5747E091D9A2 /* LifeFlowCore */; };
		A0F87C9DF7DD4C7FC5D8EABC /* WatchWidgetIntents.swift in Sources */ = {isa = PBXBuildFile; fileRef = 1DCCE2164333DBA1031DB5A1 /* WatchWidgetIntents.swift */; };
		A878CBA293DCF1E1329C7EF3 /* WatchRunModels.swift in Sources */ = {isa = PBXBuildFile; fileRef = 4CF35A79DA81EBB2FE140650 /* WatchRunModels.swift */; };
		A8DA74C8A71BC9F925F43073 /* LifeFlowWatchApp.swift in Sources */ = {isa = PBXBuildFile; fileRef = A7998FC16C5C70260F101EAB /* LifeFlowWatchApp.swift */; };
		B7B19D6C46E1267DC3519BF5 /* WatchExtensionDelegate.swift in Sources */ = {isa = PBXBuildFile; fileRef = 70F8A66FF5117A3967106B4B /* WatchExtensionDelegate.swift */; };
		C3BE1B25E147E56C8968A3B8 /* Foundation.framework in Frameworks */ = {isa = PBXBuildFile; fileRef = 5205392A0DD130DB98AFC36E /* Foundation.framework */; };
		C53C54991971BD86D7E664CC /* LifeFlowWatchWidgetsBundle.swift in Sources */ = {isa = PBXBuildFile; fileRef = 031ADA2C8F216746F5933D7A /* LifeFlowWatchWidgetsBundle.swift */; };
		C706B9DF4358F5378EEE147D /* WatchFormatting.swift in Sources */ = {isa = PBXBuildFile; fileRef = BAA14D6D57830FC60076C8A3 /* WatchFormatting.swift */; };
		D024115D03132988BD32B7F0 /* ThermalGovernor.swift in Sources */ = {isa = PBXBuildFile; fileRef = 2FAC9962DD17ED7BA90073E1 /* ThermalGovernor.swift */; };
		D5E8BBD8C6447CCBBF87FBD6 /* WatchDataStore.swift in Sources */ = {isa = PBXBuildFile; fileRef = 9A5678B5C6E46CFED0F8BE73 /* WatchDataStore.swift */; };
		D9501C132F0079A200ED9FB6 /* WidgetKit.framework in Frameworks */ = {isa = PBXBuildFile; fileRef = D9501C122F0079A200ED9FB6 /* WidgetKit.framework */; };
		D9501C152F0079A200ED9FB6 /* SwiftUI.framework in Frameworks */ = {isa = PBXBuildFile; fileRef = D9501C142F0079A200ED9FB6 /* SwiftUI.framework */; };
		D9501C242F0079A300ED9FB6 /* HydrationWidgetExtension.appex in Embed Foundation Extensions */ = {isa = PBXBuildFile; fileRef = D9501C102F0079A200ED9FB6 /* HydrationWidgetExtension.appex */; settings = {ATTRIBUTES = (RemoveHeadersOnCopy, ); }; };
		D9501C732F00B52700ED9FB6 /* WidgetKit.framework in Frameworks */ = {isa = PBXBuildFile; fileRef = D9501C122F0079A200ED9FB6 /* WidgetKit.framework */; };
		D9501C742F00B52700ED9FB6 /* SwiftUI.framework in Frameworks */ = {isa = PBXBuildFile; fileRef = D9501C142F0079A200ED9FB6 /* SwiftUI.framework */; };
		D9501C832F00B52700ED9FB6 /* GymWidgetsExtension.appex in Embed Foundation Extensions */ = {isa = PBXBuildFile; fileRef = D9501C722F00B52700ED9FB6 /* GymWidgetsExtension.appex */; settings = {ATTRIBUTES = (RemoveHeadersOnCopy, ); }; };
		DEF1F004F57AE5D6AA097ECC /* WatchAppCoordinator.swift in Sources */ = {isa = PBXBuildFile; fileRef = 2B8385548803D0D42E272CC2 /* WatchAppCoordinator.swift */; };
		E1FC25AE525AB9DCD47C7352 /* MetricPlatter.swift in Sources */ = {isa = PBXBuildFile; fileRef = BA27F797F0CC70F067344F02 /* MetricPlatter.swift */; };
		E654D67F11E76F699AB7649A /* WatchDashboardView.swift in Sources */ = {isa = PBXBuildFile; fileRef = B038E936685116316034063B /* WatchDashboardView.swift */; };
/* End PBXBuildFile section */

/* Begin PBXContainerItemProxy section */
		D9501C222F0079A300ED9FB6 /* PBXContainerItemProxy */ = {
			isa = PBXContainerItemProxy;
			containerPortal = D9501B522EFF213E00ED9FB6 /* Project object */;
			proxyType = 1;
			remoteGlobalIDString = D9501C0F2F0079A200ED9FB6;
			remoteInfo = HydrationWidgetExtension;
		};
		D9501C812F00B52700ED9FB6 /* PBXContainerItemProxy */ = {
			isa = PBXContainerItemProxy;
			containerPortal = D9501B522EFF213E00ED9FB6 /* Project object */;
			proxyType = 1;
			remoteGlobalIDString = D9501C712F00B52700ED9FB6;
			remoteInfo = GymWidgetsExtension;
		};
/* End PBXContainerItemProxy section */

/* Begin PBXCopyFilesBuildPhase section */
		D9501C292F0079A300ED9FB6 /* Embed Foundation Extensions */ = {
			isa = PBXCopyFilesBuildPhase;
			buildActionMask = 2147483647;
			dstPath = "";
			dstSubfolderSpec = 13;
			files = (
				D9501C832F00B52700ED9FB6 /* GymWidgetsExtension.appex in Embed Foundation Extensions */,
				D9501C242F0079A300ED9FB6 /* HydrationWidgetExtension.appex in Embed Foundation Extensions */,
			);
			name = "Embed Foundation Extensions";
			runOnlyForDeploymentPostprocessing = 0;
		};
/* End PBXCopyFilesBuildPhase section */

/* Begin PBXFileReference section */
		031ADA2C8F216746F5933D7A /* LifeFlowWatchWidgetsBundle.swift */ = {isa = PBXFileReference; includeInIndex = 1; lastKnownFileType = sourcecode.swift; path = LifeFlowWatchWidgetsBundle.swift; sourceTree = "<group>"; };
		1DCCE2164333DBA1031DB5A1 /* WatchWidgetIntents.swift */ = {isa = PBXFileReference; includeInIndex = 1; lastKnownFileType = sourcecode.swift; path = WatchWidgetIntents.swift; sourceTree = "<group>"; };
		25E532B56A95087DE172F9F5 /* LifeFlowRunComplicationWidget.swift */ = {isa = PBXFileReference; includeInIndex = 1; lastKnownFileType = sourcecode.swift; path = LifeFlowRunComplicationWidget.swift; sourceTree = "<group>"; };
		2B8385548803D0D42E272CC2 /* WatchAppCoordinator.swift */ = {isa = PBXFileReference; includeInIndex = 1; lastKnownFileType = sourcecode.swift; path = WatchAppCoordinator.swift; sourceTree = "<group>"; };
		2FAC9962DD17ED7BA90073E1 /* ThermalGovernor.swift */ = {isa = PBXFileReference; includeInIndex = 1; lastKnownFileType = sourcecode.swift; path = ThermalGovernor.swift; sourceTree = "<group>"; };
		33F7F8EBA318A38AB12A6988 /* IntentActionRelay.swift */ = {isa = PBXFileReference; includeInIndex = 1; lastKnownFileType = sourcecode.swift; path = IntentActionRelay.swift; sourceTree = "<group>"; };
		4CF35A79DA81EBB2FE140650 /* WatchRunModels.swift */ = {isa = PBXFileReference; includeInIndex = 1; lastKnownFileType = sourcecode.swift; path = WatchRunModels.swift; sourceTree = "<group>"; };
		5205392A0DD130DB98AFC36E /* Foundation.framework */ = {isa = PBXFileReference; lastKnownFileType = wrapper.framework; name = Foundation.framework; path = Platforms/WatchOS.platform/Developer/SDKs/WatchOS11.0.sdk/System/Library/Frameworks/Foundation.framework; sourceTree = DEVELOPER_DIR; };
		592F4EADD286F4952E486180 /* WatchConnectivityBridge.swift */ = {isa = PBXFileReference; includeInIndex = 1; lastKnownFileType = sourcecode.swift; path = WatchConnectivityBridge.swift; sourceTree = "<group>"; };
		5A51EAC6C8E8CDB5297C0D66 /* WatchSettingsView.swift */ = {isa = PBXFileReference; includeInIndex = 1; lastKnownFileType = sourcecode.swift; path = WatchSettingsView.swift; sourceTree = "<group>"; };
		6209F5E29A594C0ADDB39834 /* LifeFlowRunIntents.swift */ = {isa = PBXFileReference; includeInIndex = 1; lastKnownFileType = sourcecode.swift; path = LifeFlowRunIntents.swift; sourceTree = "<group>"; };
		70F8A66FF5117A3967106B4B /* WatchExtensionDelegate.swift */ = {isa = PBXFileReference; includeInIndex = 1; lastKnownFileType = sourcecode.swift; path = WatchExtensionDelegate.swift; sourceTree = "<group>"; };
		77F3B7EE50E5E4F18CF8E726 /* WatchPostRunSummaryView.swift */ = {isa = PBXFileReference; includeInIndex = 1; lastKnownFileType = sourcecode.swift; path = WatchPostRunSummaryView.swift; sourceTree = "<group>"; };
		79011D46AD4789446BF240EA /* WidgetFormatting.swift */ = {isa = PBXFileReference; includeInIndex = 1; lastKnownFileType = sourcecode.swift; path = WidgetFormatting.swift; sourceTree = "<group>"; };
		8A9455FC76EFAFCE2C28095A /* WatchRunHUDView.swift */ = {isa = PBXFileReference; includeInIndex = 1; lastKnownFileType = sourcecode.swift; path = WatchRunHUDView.swift; sourceTree = "<group>"; };
		8C624A81F496F0B2BBD686B6 /* LifeFlowWatchApp.app */ = {isa = PBXFileReference; explicitFileType = wrapper.application; includeInIndex = 0; path = LifeFlowWatchApp.app; sourceTree = BUILT_PRODUCTS_DIR; };
		9A5678B5C6E46CFED0F8BE73 /* WatchDataStore.swift */ = {isa = PBXFileReference; includeInIndex = 1; lastKnownFileType = sourcecode.swift; path = WatchDataStore.swift; sourceTree = "<group>"; };
		A7998FC16C5C70260F101EAB /* LifeFlowWatchApp.swift */ = {isa = PBXFileReference; includeInIndex = 1; lastKnownFileType = sourcecode.swift; path = LifeFlowWatchApp.swift; sourceTree = "<group>"; };
		B038E936685116316034063B /* WatchDashboardView.swift */ = {isa = PBXFileReference; includeInIndex = 1; lastKnownFileType = sourcecode.swift; path = WatchDashboardView.swift; sourceTree = "<group>"; };
		B73CA3A070ADFE8620109E51 /* LifeFlowWatchWidgetsExtension.appex */ = {isa = PBXFileReference; explicitFileType = "wrapper.app-extension"; includeInIndex = 0; path = LifeFlowWatchWidgetsExtension.appex; sourceTree = BUILT_PRODUCTS_DIR; };
		BA27F797F0CC70F067344F02 /* MetricPlatter.swift */ = {isa = PBXFileReference; includeInIndex = 1; lastKnownFileType = sourcecode.swift; path = MetricPlatter.swift; sourceTree = "<group>"; };
		BAA14D6D57830FC60076C8A3 /* WatchFormatting.swift */ = {isa = PBXFileReference; includeInIndex = 1; lastKnownFileType = sourcecode.swift; path = WatchFormatting.swift; sourceTree = "<group>"; };
		D9501B5A2EFF213E00ED9FB6 /* LifeFlow.app */ = {isa = PBXFileReference; explicitFileType = wrapper.application; includeInIndex = 0; path = LifeFlow.app; sourceTree = BUILT_PRODUCTS_DIR; };
		D9501C102F0079A200ED9FB6 /* HydrationWidgetExtension.appex */ = {isa = PBXFileReference; explicitFileType = "wrapper.app-extension"; includeInIndex = 0; path = HydrationWidgetExtension.appex; sourceTree = BUILT_PRODUCTS_DIR; };
		D9501C122F0079A200ED9FB6 /* WidgetKit.framework */ = {isa = PBXFileReference; lastKnownFileType = wrapper.framework; name = WidgetKit.framework; path = System/Library/Frameworks/WidgetKit.framework; sourceTree = SDKROOT; };
		D9501C142F0079A200ED9FB6 /* SwiftUI.framework */ = {isa = PBXFileReference; lastKnownFileType = wrapper.framework; name = SwiftUI.framework; path = System/Library/Frameworks/SwiftUI.framework; sourceTree = SDKROOT; };
		D9501C4F2F00879100ED9FB6 /* HydrationWidgetExtension.entitlements */ = {isa = PBXFileReference; lastKnownFileType = text.plist.entitlements; path = HydrationWidgetExtension.entitlements; sourceTree = "<group>"; };
		D9501C722F00B52700ED9FB6 /* GymWidgetsExtension.appex */ = {isa = PBXFileReference; explicitFileType = "wrapper.app-extension"; includeInIndex = 0; path = GymWidgetsExtension.appex; sourceTree = BUILT_PRODUCTS_DIR; };
		D9501C942F00BB0300ED9FB6 /* GymWidgetsExtension.entitlements */ = {isa = PBXFileReference; lastKnownFileType = text.plist.entitlements; path = GymWidgetsExtension.entitlements; sourceTree = "<group>"; };
		DB3B594CB9BB69BDE45FA18E /* LifeFlowQuickControlWidget.swift */ = {isa = PBXFileReference; includeInIndex = 1; lastKnownFileType = sourcecode.swift; path = LifeFlowQuickControlWidget.swift; sourceTree = "<group>"; };
		F304B6F404563036A390D6B4 /* WatchWorkoutManager.swift */ = {isa = PBXFileReference; includeInIndex = 1; lastKnownFileType = sourcecode.swift; path = WatchWorkoutManager.swift; sourceTree = "<group>"; };
/* End PBXFileReference section */

/* Begin PBXFileSystemSynchronizedBuildFileExceptionSet section */
		D93509112F39C148004B42EC /* Exceptions for "LifeFlow" folder in "LifeFlow" target */ = {
			isa = PBXFileSystemSynchronizedBuildFileExceptionSet;
			membershipExceptions = (
				Info.plist,
			);
			target = D9501B592EFF213E00ED9FB6 /* LifeFlow */;
		};
		D9501C252F0079A300ED9FB6 /* Exceptions for "HydrationWidget" folder in "HydrationWidgetExtension" target */ = {
			isa = PBXFileSystemSynchronizedBuildFileExceptionSet;
			membershipExceptions = (
				Info.plist,
			);
			target = D9501C0F2F0079A200ED9FB6 /* HydrationWidgetExtension */;
		};
		D9501C362F0083C200ED9FB6 /* Exceptions for "LifeFlow" folder in "HydrationWidgetExtension" target */ = {
			isa = PBXFileSystemSynchronizedBuildFileExceptionSet;
			membershipExceptions = (
				Components/AnimatedMeshGradientView.swift,
				Components/FloatingTabBar.swift,
				Components/LiquidBackgroundView.swift,
				Components/VesselShape.swift,
				Components/WaterShape.swift,
				Models/DailyEntry.swift,
				Models/DailyPlan.swift,
				Models/DayLog.swift,
				Models/ExerciseSet.swift,
				Models/ExerciseType.swift,
				Models/Goal.swift,
				Models/GoalFrequency.swift,
				Models/GoalStatus.swift,
				Models/GoalType.swift,
				Models/LifeFlowSchemaVersions.swift,
				Models/LifeFlowTab.swift,
				Models/MeshGradientTheme.swift,
				Models/UnitType.swift,
				Models/WatchTelemetryModels.swift,
				Models/WorkoutExercise.swift,
				Models/WorkoutSession.swift,
				Services/GoalCalculator.swift,
			);
			target = D9501C0F2F0079A200ED9FB6 /* HydrationWidgetExtension */;
		};
		D9501C842F00B52700ED9FB6 /* Exceptions for "GymWidgets" folder in "GymWidgetsExtension" target */ = {
			isa = PBXFileSystemSynchronizedBuildFileExceptionSet;
			membershipExceptions = (
				Info.plist,
			);
			target = D9501C712F00B52700ED9FB6 /* GymWidgetsExtension */;
		};
		D9501C892F00B57100ED9FB6 /* Exceptions for "LifeFlow" folder in "GymWidgetsExtension" target */ = {
			isa = PBXFileSystemSynchronizedBuildFileExceptionSet;
			membershipExceptions = (
				Models/GymWorkoutAttributes.swift,
				Models/WorkoutWidgetState.swift,
			);
			target = D9501C712F00B52700ED9FB6 /* GymWidgetsExtension */;
		};
/* End PBXFileSystemSynchronizedBuildFileExceptionSet section */

/* Begin PBXFileSystemSynchronizedRootGroup section */
		D9501B5C2EFF213E00ED9FB6 /* LifeFlow */ = {
			isa = PBXFileSystemSynchronizedRootGroup;
			exceptions = (
				D93509112F39C148004B42EC /* Exceptions for "LifeFlow" folder in "LifeFlow" target */,
				D9501C362F0083C200ED9FB6 /* Exceptions for "LifeFlow" folder in "HydrationWidgetExtension" target */,
				D9501C892F00B57100ED9FB6 /* Exceptions for "LifeFlow" folder in "GymWidgetsExtension" target */,
			);
			path = LifeFlow;
			sourceTree = "<group>";
		};
		D9501C162F0079A200ED9FB6 /* HydrationWidget */ = {
			isa = PBXFileSystemSynchronizedRootGroup;
			exceptions = (
				D9501C252F0079A300ED9FB6 /* Exceptions for "HydrationWidget" folder in "HydrationWidgetExtension" target */,
			);
			path = HydrationWidget;
			sourceTree = "<group>";
		};
		D9501C752F00B52700ED9FB6 /* GymWidgets */ = {
			isa = PBXFileSystemSynchronizedRootGroup;
			exceptions = (
				D9501C842F00B52700ED9FB6 /* Exceptions for "GymWidgets" folder in "GymWidgetsExtension" target */,
			);
			path = GymWidgets;
			sourceTree = "<group>";
		};
/* End PBXFileSystemSynchronizedRootGroup section */

/* Begin PBXFrameworksBuildPhase section */
		05127B84FE1B5C8D167A2410 /* Frameworks */ = {
			isa = PBXFrameworksBuildPhase;
			buildActionMask = 2147483647;
			files = (
				04997881EF39B8313277730F /* Foundation.framework in Frameworks */,
				95F31FD897F3F07E3421B7F4 /* LifeFlowCore in Frameworks */,
			);
			runOnlyForDeploymentPostprocessing = 0;
		};
		6BEAFC3500B17C733F7A15AE /* Frameworks */ = {
			isa = PBXFrameworksBuildPhase;
			buildActionMask = 2147483647;
			files = (
				C3BE1B25E147E56C8968A3B8 /* Foundation.framework in Frameworks */,
				1014ED33865AF5F81A388B34 /* LifeFlowCore in Frameworks */,
			);
			runOnlyForDeploymentPostprocessing = 0;
		};
		D9501B572EFF213E00ED9FB6 /* Frameworks */ = {
			isa = PBXFrameworksBuildPhase;
			buildActionMask = 2147483647;
			files = (
				194BD5D6A8EFE3B32C3BD83E /* LifeFlowCore in Frameworks */,
			);
			runOnlyForDeploymentPostprocessing = 0;
		};
		D9501C0D2F0079A200ED9FB6 /* Frameworks */ = {
			isa = PBXFrameworksBuildPhase;
			buildActionMask = 2147483647;
			files = (
				D9501C152F0079A200ED9FB6 /* SwiftUI.framework in Frameworks */,
				D9501C132F0079A200ED9FB6 /* WidgetKit.framework in Frameworks */,
			);
			runOnlyForDeploymentPostprocessing = 0;
		};
		D9501C6F2F00B52700ED9FB6 /* Frameworks */ = {
			isa = PBXFrameworksBuildPhase;
			buildActionMask = 2147483647;
			files = (
				D9501C742F00B52700ED9FB6 /* SwiftUI.framework in Frameworks */,
				D9501C732F00B52700ED9FB6 /* WidgetKit.framework in Frameworks */,
			);
			runOnlyForDeploymentPostprocessing = 0;
		};
/* End PBXFrameworksBuildPhase section */

/* Begin PBXGroup section */
		6C362E8CDC9094403D03A514 /* Models */ = {
			isa = PBXGroup;
			children = (
				4CF35A79DA81EBB2FE140650 /* WatchRunModels.swift */,
			);
			name = Models;
			path = Models;
			sourceTree = "<group>";
		};
		7A34F64679F56AA9AD93DCE5 /* Services */ = {
			isa = PBXGroup;
			children = (
				33F7F8EBA318A38AB12A6988 /* IntentActionRelay.swift */,
				2FAC9962DD17ED7BA90073E1 /* ThermalGovernor.swift */,
				2B8385548803D0D42E272CC2 /* WatchAppCoordinator.swift */,
				592F4EADD286F4952E486180 /* WatchConnectivityBridge.swift */,
				9A5678B5C6E46CFED0F8BE73 /* WatchDataStore.swift */,
				70F8A66FF5117A3967106B4B /* WatchExtensionDelegate.swift */,
				F304B6F404563036A390D6B4 /* WatchWorkoutManager.swift */,
			);
			name = Services;
			path = Services;
			sourceTree = "<group>";
		};
		9931B6282409CFD9B5C44692 /* Views */ = {
			isa = PBXGroup;
			children = (
				BA27F797F0CC70F067344F02 /* MetricPlatter.swift */,
				B038E936685116316034063B /* WatchDashboardView.swift */,
				BAA14D6D57830FC60076C8A3 /* WatchFormatting.swift */,
				77F3B7EE50E5E4F18CF8E726 /* WatchPostRunSummaryView.swift */,
				8A9455FC76EFAFCE2C28095A /* WatchRunHUDView.swift */,
				5A51EAC6C8E8CDB5297C0D66 /* WatchSettingsView.swift */,
			);
			name = Views;
			path = Views;
			sourceTree = "<group>";
		};
		C36B0E8259FDF75001163848 /* Intents */ = {
			isa = PBXGroup;
			children = (
				6209F5E29A594C0ADDB39834 /* LifeFlowRunIntents.swift */,
			);
			name = Intents;
			path = Intents;
			sourceTree = "<group>";
		};
		D84A7AAAED0D51862604402E /* watchOS */ = {
			isa = PBXGroup;
			children = (
				5205392A0DD130DB98AFC36E /* Foundation.framework */,
			);
			name = watchOS;
			sourceTree = "<group>";
		};
		D9501B512EFF213E00ED9FB6 = {
			isa = PBXGroup;
			children = (
				D9501C942F00BB0300ED9FB6 /* GymWidgetsExtension.entitlements */,
				D9501C4F2F00879100ED9FB6 /* HydrationWidgetExtension.entitlements */,
				D9501B5C2EFF213E00ED9FB6 /* LifeFlow */,
				D9501C162F0079A200ED9FB6 /* HydrationWidget */,
				D9501C752F00B52700ED9FB6 /* GymWidgets */,
				D9501C112F0079A200ED9FB6 /* Frameworks */,
				D9501B5B2EFF213E00ED9FB6 /* Products */,
				FACCC4C499AD0FD1FD74A99A /* LifeFlowWatchApp */,
				E9662B75E110741E09E624B8 /* LifeFlowWatchWidgets */,
			);
			sourceTree = "<group>";
		};
		D9501B5B2EFF213E00ED9FB6 /* Products */ = {
			isa = PBXGroup;
			children = (
				D9501B5A2EFF213E00ED9FB6 /* LifeFlow.app */,
				D9501C102F0079A200ED9FB6 /* HydrationWidgetExtension.appex */,
				D9501C722F00B52700ED9FB6 /* GymWidgetsExtension.appex */,
				8C624A81F496F0B2BBD686B6 /* LifeFlowWatchApp.app */,
				B73CA3A070ADFE8620109E51 /* LifeFlowWatchWidgetsExtension.appex */,
			);
			name = Products;
			sourceTree = "<group>";
		};
		D9501C112F0079A200ED9FB6 /* Frameworks */ = {
			isa = PBXGroup;
			children = (
				D9501C122F0079A200ED9FB6 /* WidgetKit.framework */,
				D9501C142F0079A200ED9FB6 /* SwiftUI.framework */,
				D84A7AAAED0D51862604402E /* watchOS */,
			);
			name = Frameworks;
			sourceTree = "<group>";
		};
		E9662B75E110741E09E624B8 /* LifeFlowWatchWidgets */ = {
			isa = PBXGroup;
			children = (
				DB3B594CB9BB69BDE45FA18E /* LifeFlowQuickControlWidget.swift */,
				25E532B56A95087DE172F9F5 /* LifeFlowRunComplicationWidget.swift */,
				031ADA2C8F216746F5933D7A /* LifeFlowWatchWidgetsBundle.swift */,
				1DCCE2164333DBA1031DB5A1 /* WatchWidgetIntents.swift */,
				79011D46AD4789446BF240EA /* WidgetFormatting.swift */,
			);
			name = LifeFlowWatchWidgets;
			path = LifeFlowWatchWidgets;
			sourceTree = "<group>";
		};
		FACCC4C499AD0FD1FD74A99A /* LifeFlowWatchApp */ = {
			isa = PBXGroup;
			children = (
				C36B0E8259FDF75001163848 /* Intents */,
				A7998FC16C5C70260F101EAB /* LifeFlowWatchApp.swift */,
				6C362E8CDC9094403D03A514 /* Models */,
				7A34F64679F56AA9AD93DCE5 /* Services */,
				9931B6282409CFD9B5C44692 /* Views */,
			);
			name = LifeFlowWatchApp;
			path = LifeFlowWatchApp;
			sourceTree = "<group>";
		};
/* End PBXGroup section */

/* Begin PBXNativeTarget section */
		4887450B18B33B6E432D6948 /* LifeFlowWatchWidgetsExtension */ = {
			isa = PBXNativeTarget;
			buildConfigurationList = 29EAAEACAB31FCB24C33B0AB /* Build configuration list for PBXNativeTarget "LifeFlowWatchWidgetsExtension" */;
			buildPhases = (
				C15B5F1AE0959F6914607484 /* Sources */,
				05127B84FE1B5C8D167A2410 /* Frameworks */,
				DE310CD4C88318B7612D80B8 /* Resources */,
			);
			buildRules = (
			);
			dependencies = (
			);
			name = LifeFlowWatchWidgetsExtension;
			packageProductDependencies = (
				495F1452743E5747E091D9A2 /* LifeFlowCore */,
			);
			productName = LifeFlowWatchWidgetsExtension;
			productReference = B73CA3A070ADFE8620109E51 /* LifeFlowWatchWidgetsExtension.appex */;
			productType = "com.apple.product-type.app-extension";
		};
		57C651300B218B3C8784104F /* LifeFlowWatchApp */ = {
			isa = PBXNativeTarget;
			buildConfigurationList = 9B2AC067CE56388FED178D2A /* Build configuration list for PBXNativeTarget "LifeFlowWatchApp" */;
			buildPhases = (
				882F414688720925F19F4EF0 /* Sources */,
				6BEAFC3500B17C733F7A15AE /* Frameworks */,
				B1C54820B9347B603120036B /* Resources */,
			);
			buildRules = (
			);
			dependencies = (
			);
			name = LifeFlowWatchApp;
			packageProductDependencies = (
				F99043EF9B3E855242FBEFF5 /* LifeFlowCore */,
			);
			productName = LifeFlowWatchApp;
			productReference = 8C624A81F496F0B2BBD686B6 /* LifeFlowWatchApp.app */;
			productType = "com.apple.product-type.application";
		};
		D9501B592EFF213E00ED9FB6 /* LifeFlow */ = {
			isa = PBXNativeTarget;
			buildConfigurationList = D9501B672EFF213F00ED9FB6 /* Build configuration list for PBXNativeTarget "LifeFlow" */;
			buildPhases = (
				D9501B562EFF213E00ED9FB6 /* Sources */,
				D9501B572EFF213E00ED9FB6 /* Frameworks */,
				D9501B582EFF213E00ED9FB6 /* Resources */,
				D9501C292F0079A300ED9FB6 /* Embed Foundation Extensions */,
			);
			buildRules = (
			);
			dependencies = (
				D9501C232F0079A300ED9FB6 /* PBXTargetDependency */,
				D9501C822F00B52700ED9FB6 /* PBXTargetDependency */,
			);
			fileSystemSynchronizedGroups = (
				D9501B5C2EFF213E00ED9FB6 /* LifeFlow */,
			);
			name = LifeFlow;
			packageProductDependencies = (
				741CD24F620CE5D7681A88A7 /* LifeFlowCore */,
			);
			productName = LifeFlow;
			productReference = D9501B5A2EFF213E00ED9FB6 /* LifeFlow.app */;
			productType = "com.apple.product-type.application";
		};
		D9501C0F2F0079A200ED9FB6 /* HydrationWidgetExtension */ = {
			isa = PBXNativeTarget;
			buildConfigurationList = D9501C262F0079A300ED9FB6 /* Build configuration list for PBXNativeTarget "HydrationWidgetExtension" */;
			buildPhases = (
				D9501C0C2F0079A200ED9FB6 /* Sources */,
				D9501C0D2F0079A200ED9FB6 /* Frameworks */,
				D9501C0E2F0079A200ED9FB6 /* Resources */,
			);
			buildRules = (
			);
			dependencies = (
			);
			fileSystemSynchronizedGroups = (
				D9501C162F0079A200ED9FB6 /* HydrationWidget */,
			);
			name = HydrationWidgetExtension;
			productName = HydrationWidgetExtension;
			productReference = D9501C102F0079A200ED9FB6 /* HydrationWidgetExtension.appex */;
			productType = "com.apple.product-type.app-extension";
		};
		D9501C712F00B52700ED9FB6 /* GymWidgetsExtension */ = {
			isa = PBXNativeTarget;
			buildConfigurationList = D9501C852F00B52700ED9FB6 /* Build configuration list for PBXNativeTarget "GymWidgetsExtension" */;
			buildPhases = (
				D9501C6E2F00B52700ED9FB6 /* Sources */,
				D9501C6F2F00B52700ED9FB6 /* Frameworks */,
				D9501C702F00B52700ED9FB6 /* Resources */,
			);
			buildRules = (
			);
			dependencies = (
			);
			fileSystemSynchronizedGroups = (
				D9501C752F00B52700ED9FB6 /* GymWidgets */,
			);
			name = GymWidgetsExtension;
			productName = GymWidgetsExtension;
			productReference = D9501C722F00B52700ED9FB6 /* GymWidgetsExtension.appex */;
			productType = "com.apple.product-type.app-extension";
		};
/* End PBXNativeTarget section */

/* Begin PBXProject section */
		D9501B522EFF213E00ED9FB6 /* Project object */ = {
			isa = PBXProject;
			attributes = {
				BuildIndependentTargetsInParallel = 1;
				LastSwiftUpdateCheck = 2610;
				LastUpgradeCheck = 2610;
				TargetAttributes = {
					D9501B592EFF213E00ED9FB6 = {
						CreatedOnToolsVersion = 26.1.1;
					};
					D9501C0F2F0079A200ED9FB6 = {
						CreatedOnToolsVersion = 26.1.1;
					};
					D9501C712F00B52700ED9FB6 = {
						CreatedOnToolsVersion = 26.1.1;
					};
				};
			};
			buildConfigurationList = D9501B552EFF213E00ED9FB6 /* Build configuration list for PBXProject "LifeFlow" */;
			developmentRegion = en;
			hasScannedForEncodings = 0;
			knownRegions = (
				en,
				Base,
			);
			mainGroup = D9501B512EFF213E00ED9FB6;
			minimizedProjectReferenceProxies = 1;
			packageReferences = (
				74558FD12AEE6B70AC6B5A1B /* XCLocalSwiftPackageReference "LifeFlowCore" */,
			);
			preferredProjectObjectVersion = 77;
			productRefGroup = D9501B5B2EFF213E00ED9FB6 /* Products */;
			projectDirPath = "";
			projectRoot = "";
			targets = (
				D9501B592EFF213E00ED9FB6 /* LifeFlow */,
				D9501C0F2F0079A200ED9FB6 /* HydrationWidgetExtension */,
				D9501C712F00B52700ED9FB6 /* GymWidgetsExtension */,
				57C651300B218B3C8784104F /* LifeFlowWatchApp */,
				4887450B18B33B6E432D6948 /* LifeFlowWatchWidgetsExtension */,
			);
		};
/* End PBXProject section */

/* Begin PBXResourcesBuildPhase section */
		B1C54820B9347B603120036B /* Resources */ = {
			isa = PBXResourcesBuildPhase;
			buildActionMask = 2147483647;
			files = (
			);
			runOnlyForDeploymentPostprocessing = 0;
		};
		D9501B582EFF213E00ED9FB6 /* Resources */ = {
			isa = PBXResourcesBuildPhase;
			buildActionMask = 2147483647;
			files = (
			);
			runOnlyForDeploymentPostprocessing = 0;
		};
		D9501C0E2F0079A200ED9FB6 /* Resources */ = {
			isa = PBXResourcesBuildPhase;
			buildActionMask = 2147483647;
			files = (
			);
			runOnlyForDeploymentPostprocessing = 0;
		};
		D9501C702F00B52700ED9FB6 /* Resources */ = {
			isa = PBXResourcesBuildPhase;
			buildActionMask = 2147483647;
			files = (
			);
			runOnlyForDeploymentPostprocessing = 0;
		};
		DE310CD4C88318B7612D80B8 /* Resources */ = {
			isa = PBXResourcesBuildPhase;
			buildActionMask = 2147483647;
			files = (
			);
			runOnlyForDeploymentPostprocessing = 0;
		};
/* End PBXResourcesBuildPhase section */

/* Begin PBXSourcesBuildPhase section */
		882F414688720925F19F4EF0 /* Sources */ = {
			isa = PBXSourcesBuildPhase;
			buildActionMask = 2147483647;
			files = (
				66488A6026710810AAF37AC4 /* LifeFlowRunIntents.swift in Sources */,
				A8DA74C8A71BC9F925F43073 /* LifeFlowWatchApp.swift in Sources */,
				A878CBA293DCF1E1329C7EF3 /* WatchRunModels.swift in Sources */,
				94A39105CC31483C7B04B3DB /* IntentActionRelay.swift in Sources */,
				D024115D03132988BD32B7F0 /* ThermalGovernor.swift in Sources */,
				DEF1F004F57AE5D6AA097ECC /* WatchAppCoordinator.swift in Sources */,
				3AF78108D3A9BCE81D1C0CE6 /* WatchConnectivityBridge.swift in Sources */,
				D5E8BBD8C6447CCBBF87FBD6 /* WatchDataStore.swift in Sources */,
				B7B19D6C46E1267DC3519BF5 /* WatchExtensionDelegate.swift in Sources */,
				3EA56AD4F761DDE1BF1F2495 /* WatchWorkoutManager.swift in Sources */,
				E1FC25AE525AB9DCD47C7352 /* MetricPlatter.swift in Sources */,
				E654D67F11E76F699AB7649A /* WatchDashboardView.swift in Sources */,
				C706B9DF4358F5378EEE147D /* WatchFormatting.swift in Sources */,
				5539109B630CF992EE022789 /* WatchPostRunSummaryView.swift in Sources */,
				796FBE36D283E2900146F4FF /* WatchRunHUDView.swift in Sources */,
				74CB488FE2EB7AB2B0769523 /* WatchSettingsView.swift in Sources */,
			);
			runOnlyForDeploymentPostprocessing = 0;
		};
		C15B5F1AE0959F6914607484 /* Sources */ = {
			isa = PBXSourcesBuildPhase;
			buildActionMask = 2147483647;
			files = (
				8788428D28CFB15D6B940CF1 /* LifeFlowQuickControlWidget.swift in Sources */,
				56441BECB0E214B90ED11D58 /* LifeFlowRunComplicationWidget.swift in Sources */,
				C53C54991971BD86D7E664CC /* LifeFlowWatchWidgetsBundle.swift in Sources */,
				A0F87C9DF7DD4C7FC5D8EABC /* WatchWidgetIntents.swift in Sources */,
				79F648A6DA383EF1B3256F34 /* WidgetFormatting.swift in Sources */,
			);
			runOnlyForDeploymentPostprocessing = 0;
		};
		D9501B562EFF213E00ED9FB6 /* Sources */ = {
			isa = PBXSourcesBuildPhase;
			buildActionMask = 2147483647;
			files = (
			);
			runOnlyForDeploymentPostprocessing = 0;
		};
		D9501C0C2F0079A200ED9FB6 /* Sources */ = {
			isa = PBXSourcesBuildPhase;
			buildActionMask = 2147483647;
			files = (
			);
			runOnlyForDeploymentPostprocessing = 0;
		};
		D9501C6E2F00B52700ED9FB6 /* Sources */ = {
			isa = PBXSourcesBuildPhase;
			buildActionMask = 2147483647;
			files = (
			);
			runOnlyForDeploymentPostprocessing = 0;
		};
/* End PBXSourcesBuildPhase section */

/* Begin PBXTargetDependency section */
		D9501C232F0079A300ED9FB6 /* PBXTargetDependency */ = {
			isa = PBXTargetDependency;
			target = D9501C0F2F0079A200ED9FB6 /* HydrationWidgetExtension */;
			targetProxy = D9501C222F0079A300ED9FB6 /* PBXContainerItemProxy */;
		};
		D9501C822F00B52700ED9FB6 /* PBXTargetDependency */ = {
			isa = PBXTargetDependency;
			target = D9501C712F00B52700ED9FB6 /* GymWidgetsExtension */;
			targetProxy = D9501C812F00B52700ED9FB6 /* PBXContainerItemProxy */;
		};
/* End PBXTargetDependency section */

/* Begin XCBuildConfiguration section */
			4FE11B864F4BBB3414CDD681 /* Release */ = {
				isa = XCBuildConfiguration;
				buildSettings = {
					ASSETCATALOG_COMPILER_APPICON_NAME = AppIcon;
					ASSETCATALOG_COMPILER_GLOBAL_ACCENT_COLOR_NAME = AccentColor;
				CODE_SIGN_ENTITLEMENTS = LifeFlowWatchApp/LifeFlowWatchApp.entitlements;
				GENERATE_INFOPLIST_FILE = NO;
				INFOPLIST_FILE = LifeFlowWatchApp/Info.plist;
				LD_RUNPATH_SEARCH_PATHS = (
					"$(inherited)",
					"@executable_path/Frameworks",
				);
				PRODUCT_BUNDLE_IDENTIFIER = com.fez.LifeFlow.WatchApp;
				PRODUCT_MODULE_NAME = "$(TARGET_NAME:c99extidentifier)";
				PRODUCT_NAME = "$(TARGET_NAME)";
				SDKROOT = watchos;
				SKIP_INSTALL = NO;
				SWIFT_APPROACHABLE_CONCURRENCY = YES;
				SWIFT_DEFAULT_ACTOR_ISOLATION = MainActor;
				SWIFT_EMIT_LOC_STRINGS = YES;
				SWIFT_VERSION = 6.0;
				TARGETED_DEVICE_FAMILY = 4;
				VALIDATE_PRODUCT = YES;
				WATCHOS_DEPLOYMENT_TARGET = 26.2;
			};
			name = Release;
		};
			BD0C07B58C43218142F42450 /* Debug */ = {
				isa = XCBuildConfiguration;
				buildSettings = {
					ASSETCATALOG_COMPILER_APPICON_NAME = AppIcon;
					ASSETCATALOG_COMPILER_GLOBAL_ACCENT_COLOR_NAME = AccentColor;
				CODE_SIGN_ENTITLEMENTS = LifeFlowWatchApp/LifeFlowWatchApp.entitlements;
				GENERATE_INFOPLIST_FILE = NO;
				INFOPLIST_FILE = LifeFlowWatchApp/Info.plist;
				LD_RUNPATH_SEARCH_PATHS = (
					"$(inherited)",
					"@executable_path/Frameworks",
				);
				PRODUCT_BUNDLE_IDENTIFIER = com.fez.LifeFlow.WatchApp;
				PRODUCT_MODULE_NAME = "$(TARGET_NAME:c99extidentifier)";
				PRODUCT_NAME = "$(TARGET_NAME)";
				SDKROOT = watchos;
				SKIP_INSTALL = NO;
				SWIFT_APPROACHABLE_CONCURRENCY = YES;
				SWIFT_DEFAULT_ACTOR_ISOLATION = MainActor;
				SWIFT_EMIT_LOC_STRINGS = YES;
				SWIFT_VERSION = 6.0;
				TARGETED_DEVICE_FAMILY = 4;
				WATCHOS_DEPLOYMENT_TARGET = 26.2;
			};
			name = Debug;
		};
			D9501B652EFF213F00ED9FB6 /* Debug */ = {
				isa = XCBuildConfiguration;
				buildSettings = {
				ALWAYS_SEARCH_USER_PATHS = NO;
				ASSETCATALOG_COMPILER_GENERATE_SWIFT_ASSET_SYMBOL_EXTENSIONS = YES;
				CLANG_ANALYZER_NONNULL = YES;
				CLANG_ANALYZER_NUMBER_OBJECT_CONVERSION = YES_AGGRESSIVE;
				CLANG_CXX_LANGUAGE_STANDARD = "gnu++20";
				CLANG_ENABLE_MODULES = YES;
				CLANG_ENABLE_OBJC_ARC = YES;
				CLANG_ENABLE_OBJC_WEAK = YES;
				CLANG_WARN_BLOCK_CAPTURE_AUTORELEASING = YES;
				CLANG_WARN_BOOL_CONVERSION = YES;
				CLANG_WARN_COMMA = YES;
				CLANG_WARN_CONSTANT_CONVERSION = YES;
				CLANG_WARN_DEPRECATED_OBJC_IMPLEMENTATIONS = YES;
				CLANG_WARN_DIRECT_OBJC_ISA_USAGE = YES_ERROR;
				CLANG_WARN_DOCUMENTATION_COMMENTS = YES;
				CLANG_WARN_EMPTY_BODY = YES;
				CLANG_WARN_ENUM_CONVERSION = YES;
				CLANG_WARN_INFINITE_RECURSION = YES;
				CLANG_WARN_INT_CONVERSION = YES;
				CLANG_WARN_NON_LITERAL_NULL_CONVERSION = YES;
				CLANG_WARN_OBJC_IMPLICIT_RETAIN_SELF = YES;
				CLANG_WARN_OBJC_LITERAL_CONVERSION = YES;
				CLANG_WARN_OBJC_ROOT_CLASS = YES_ERROR;
				CLANG_WARN_QUOTED_INCLUDE_IN_FRAMEWORK_HEADER = YES;
				CLANG_WARN_RANGE_LOOP_ANALYSIS = YES;
				CLANG_WARN_STRICT_PROTOTYPES = YES;
				CLANG_WARN_SUSPICIOUS_MOVE = YES;
				CLANG_WARN_UNGUARDED_AVAILABILITY = YES_AGGRESSIVE;
				CLANG_WARN_UNREACHABLE_CODE = YES;
				CLANG_WARN__DUPLICATE_METHOD_MATCH = YES;
				COPY_PHASE_STRIP = NO;
				DEBUG_INFORMATION_FORMAT = dwarf;
				DEVELOPMENT_TEAM = 3KZ25N2F2R;
				ENABLE_STRICT_OBJC_MSGSEND = YES;
				ENABLE_TESTABILITY = YES;
				ENABLE_USER_SCRIPT_SANDBOXING = YES;
				GCC_C_LANGUAGE_STANDARD = gnu17;
				GCC_DYNAMIC_NO_PIC = NO;
				GCC_NO_COMMON_BLOCKS = YES;
				GCC_OPTIMIZATION_LEVEL = 0;
				GCC_PREPROCESSOR_DEFINITIONS = (
					"DEBUG=1",
					"$(inherited)",
				);
				GCC_WARN_64_TO_32_BIT_CONVERSION = YES;
				GCC_WARN_ABOUT_RETURN_TYPE = YES_ERROR;
				GCC_WARN_UNDECLARED_SELECTOR = YES;
				GCC_WARN_UNINITIALIZED_AUTOS = YES_AGGRESSIVE;
				GCC_WARN_UNUSED_FUNCTION = YES;
				GCC_WARN_UNUSED_VARIABLE = YES;
					IPHONEOS_DEPLOYMENT_TARGET = 26.1;
					LOCALIZATION_PREFERS_STRING_CATALOGS = YES;
					STRING_CATALOG_GENERATE_SYMBOLS = YES;
					MTL_ENABLE_DEBUG_INFO = INCLUDE_SOURCE;
				MTL_FAST_MATH = YES;
				ONLY_ACTIVE_ARCH = YES;
				SDKROOT = iphoneos;
				SWIFT_ACTIVE_COMPILATION_CONDITIONS = "DEBUG $(inherited)";
				SWIFT_OPTIMIZATION_LEVEL = "-Onone";
			};
			name = Debug;
		};
			D9501B662EFF213F00ED9FB6 /* Release */ = {
				isa = XCBuildConfiguration;
				buildSettings = {
				ALWAYS_SEARCH_USER_PATHS = NO;
				ASSETCATALOG_COMPILER_GENERATE_SWIFT_ASSET_SYMBOL_EXTENSIONS = YES;
				CLANG_ANALYZER_NONNULL = YES;
				CLANG_ANALYZER_NUMBER_OBJECT_CONVERSION = YES_AGGRESSIVE;
				CLANG_CXX_LANGUAGE_STANDARD = "gnu++20";
				CLANG_ENABLE_MODULES = YES;
				CLANG_ENABLE_OBJC_ARC = YES;
				CLANG_ENABLE_OBJC_WEAK = YES;
				CLANG_WARN_BLOCK_CAPTURE_AUTORELEASING = YES;
				CLANG_WARN_BOOL_CONVERSION = YES;
				CLANG_WARN_COMMA = YES;
				CLANG_WARN_CONSTANT_CONVERSION = YES;
				CLANG_WARN_DEPRECATED_OBJC_IMPLEMENTATIONS = YES;
				CLANG_WARN_DIRECT_OBJC_ISA_USAGE = YES_ERROR;
				CLANG_WARN_DOCUMENTATION_COMMENTS = YES;
				CLANG_WARN_EMPTY_BODY = YES;
				CLANG_WARN_ENUM_CONVERSION = YES;
				CLANG_WARN_INFINITE_RECURSION = YES;
				CLANG_WARN_INT_CONVERSION = YES;
				CLANG_WARN_NON_LITERAL_NULL_CONVERSION = YES;
				CLANG_WARN_OBJC_IMPLICIT_RETAIN_SELF = YES;
				CLANG_WARN_OBJC_LITERAL_CONVERSION = YES;
				CLANG_WARN_OBJC_ROOT_CLASS = YES_ERROR;
				CLANG_WARN_QUOTED_INCLUDE_IN_FRAMEWORK_HEADER = YES;
				CLANG_WARN_RANGE_LOOP_ANALYSIS = YES;
				CLANG_WARN_STRICT_PROTOTYPES = YES;
				CLANG_WARN_SUSPICIOUS_MOVE = YES;
				CLANG_WARN_UNGUARDED_AVAILABILITY = YES_AGGRESSIVE;
				CLANG_WARN_UNREACHABLE_CODE = YES;
				CLANG_WARN__DUPLICATE_METHOD_MATCH = YES;
				COPY_PHASE_STRIP = NO;
				DEBUG_INFORMATION_FORMAT = "dwarf-with-dsym";
				DEVELOPMENT_TEAM = 3KZ25N2F2R;
				ENABLE_NS_ASSERTIONS = NO;
				ENABLE_STRICT_OBJC_MSGSEND = YES;
				ENABLE_USER_SCRIPT_SANDBOXING = YES;
				GCC_C_LANGUAGE_STANDARD = gnu17;
				GCC_NO_COMMON_BLOCKS = YES;
				GCC_WARN_64_TO_32_BIT_CONVERSION = YES;
				GCC_WARN_ABOUT_RETURN_TYPE = YES_ERROR;
				GCC_WARN_UNDECLARED_SELECTOR = YES;
				GCC_WARN_UNINITIALIZED_AUTOS = YES_AGGRESSIVE;
				GCC_WARN_UNUSED_FUNCTION = YES;
				GCC_WARN_UNUSED_VARIABLE = YES;
					IPHONEOS_DEPLOYMENT_TARGET = 26.1;
					LOCALIZATION_PREFERS_STRING_CATALOGS = YES;
					STRING_CATALOG_GENERATE_SYMBOLS = YES;
					MTL_ENABLE_DEBUG_INFO = NO;
				MTL_FAST_MATH = YES;
				SDKROOT = iphoneos;
				SWIFT_COMPILATION_MODE = wholemodule;
				VALIDATE_PRODUCT = YES;
			};
			name = Release;
		};
		D9501B682EFF213F00ED9FB6 /* Debug */ = {
			isa = XCBuildConfiguration;
			buildSettings = {
				ASSETCATALOG_COMPILER_APPICON_NAME = AppIcon;
				ASSETCATALOG_COMPILER_GLOBAL_ACCENT_COLOR_NAME = AccentColor;
				CODE_SIGN_ENTITLEMENTS = LifeFlow/LifeFlow.entitlements;
				CODE_SIGN_STYLE = Automatic;
				CURRENT_PROJECT_VERSION = 1;
				DEVELOPMENT_TEAM = 3KZ25N2F2R;
				ENABLE_PREVIEWS = YES;
				GENERATE_INFOPLIST_FILE = YES;
				INFOPLIST_FILE = LifeFlow/Info.plist;
				INFOPLIST_KEY_NSHealthShareUsageDescription = "LifeFlow uses your workout data to track your daily momentum.";
				INFOPLIST_KEY_NSHealthUpdateUsageDescription = "LifeFlow saves your manual workouts to Apple Health";
				INFOPLIST_KEY_NSMotionUsageDescription = "Used to animate water in the hydration view based on device tilt.\"";
				INFOPLIST_KEY_NSSupportsLiveActivities = YES;
				INFOPLIST_KEY_UIApplicationSceneManifest_Generation = YES;
				INFOPLIST_KEY_UIApplicationSupportsIndirectInputEvents = YES;
				INFOPLIST_KEY_UILaunchScreen_Generation = YES;
				INFOPLIST_KEY_UISupportedInterfaceOrientations_iPad = "UIInterfaceOrientationPortrait UIInterfaceOrientationPortraitUpsideDown UIInterfaceOrientationLandscapeLeft UIInterfaceOrientationLandscapeRight";
				INFOPLIST_KEY_UISupportedInterfaceOrientations_iPhone = "UIInterfaceOrientationPortrait UIInterfaceOrientationLandscapeLeft UIInterfaceOrientationLandscapeRight";
				LD_RUNPATH_SEARCH_PATHS = (
					"$(inherited)",
					"@executable_path/Frameworks",
				);
				MARKETING_VERSION = 1.0;
				PRODUCT_BUNDLE_IDENTIFIER = com.fez.LifeFlow;
				PRODUCT_NAME = "$(TARGET_NAME)";
				STRING_CATALOG_GENERATE_SYMBOLS = YES;
				SWIFT_APPROACHABLE_CONCURRENCY = YES;
				SWIFT_DEFAULT_ACTOR_ISOLATION = MainActor;
				SWIFT_EMIT_LOC_STRINGS = YES;
				SWIFT_UPCOMING_FEATURE_MEMBER_IMPORT_VISIBILITY = YES;
				SWIFT_VERSION = 5.0;
				TARGETED_DEVICE_FAMILY = "1,2";
			};
			name = Debug;
		};
		D9501B692EFF213F00ED9FB6 /* Release */ = {
			isa = XCBuildConfiguration;
			buildSettings = {
				ASSETCATALOG_COMPILER_APPICON_NAME = AppIcon;
				ASSETCATALOG_COMPILER_GLOBAL_ACCENT_COLOR_NAME = AccentColor;
				CODE_SIGN_ENTITLEMENTS = LifeFlow/LifeFlow.entitlements;
				CODE_SIGN_STYLE = Automatic;
				CURRENT_PROJECT_VERSION = 1;
				DEVELOPMENT_TEAM = 3KZ25N2F2R;
				ENABLE_PREVIEWS = YES;
				GENERATE_INFOPLIST_FILE = YES;
				INFOPLIST_FILE = LifeFlow/Info.plist;
				INFOPLIST_KEY_NSHealthShareUsageDescription = "LifeFlow uses your workout data to track your daily momentum.";
				INFOPLIST_KEY_NSHealthUpdateUsageDescription = "LifeFlow saves your manual workouts to Apple Health";
				INFOPLIST_KEY_NSMotionUsageDescription = "Used to animate water in the hydration view based on device tilt.\"";
				INFOPLIST_KEY_NSSupportsLiveActivities = YES;
				INFOPLIST_KEY_UIApplicationSceneManifest_Generation = YES;
				INFOPLIST_KEY_UIApplicationSupportsIndirectInputEvents = YES;
				INFOPLIST_KEY_UILaunchScreen_Generation = YES;
				INFOPLIST_KEY_UISupportedInterfaceOrientations_iPad = "UIInterfaceOrientationPortrait UIInterfaceOrientationPortraitUpsideDown UIInterfaceOrientationLandscapeLeft UIInterfaceOrientationLandscapeRight";
				INFOPLIST_KEY_UISupportedInterfaceOrientations_iPhone = "UIInterfaceOrientationPortrait UIInterfaceOrientationLandscapeLeft UIInterfaceOrientationLandscapeRight";
				LD_RUNPATH_SEARCH_PATHS = (
					"$(inherited)",
					"@executable_path/Frameworks",
				);
				MARKETING_VERSION = 1.0;
				PRODUCT_BUNDLE_IDENTIFIER = com.fez.LifeFlow;
				PRODUCT_NAME = "$(TARGET_NAME)";
				STRING_CATALOG_GENERATE_SYMBOLS = YES;
				SWIFT_APPROACHABLE_CONCURRENCY = YES;
				SWIFT_DEFAULT_ACTOR_ISOLATION = MainActor;
				SWIFT_EMIT_LOC_STRINGS = YES;
				SWIFT_UPCOMING_FEATURE_MEMBER_IMPORT_VISIBILITY = YES;
				SWIFT_VERSION = 5.0;
				TARGETED_DEVICE_FAMILY = "1,2";
			};
			name = Release;
		};
		D9501C272F0079A300ED9FB6 /* Debug */ = {
			isa = XCBuildConfiguration;
			buildSettings = {
				ASSETCATALOG_COMPILER_GLOBAL_ACCENT_COLOR_NAME = AccentColor;
				ASSETCATALOG_COMPILER_WIDGET_BACKGROUND_COLOR_NAME = WidgetBackground;
				CODE_SIGN_ENTITLEMENTS = HydrationWidgetExtension.entitlements;
				CODE_SIGN_STYLE = Automatic;
				CURRENT_PROJECT_VERSION = 1;
				DEVELOPMENT_TEAM = 3KZ25N2F2R;
				GENERATE_INFOPLIST_FILE = YES;
				INFOPLIST_FILE = HydrationWidget/Info.plist;
				INFOPLIST_KEY_CFBundleDisplayName = HydrationWidget;
				INFOPLIST_KEY_NSHumanReadableCopyright = "";
				LD_RUNPATH_SEARCH_PATHS = (
					"$(inherited)",
					"@executable_path/Frameworks",
					"@executable_path/../../Frameworks",
				);
				MARKETING_VERSION = 1.0;
				PRODUCT_BUNDLE_IDENTIFIER = com.fez.LifeFlow.HydrationWidget;
				PRODUCT_NAME = "$(TARGET_NAME)";
				SKIP_INSTALL = YES;
				STRING_CATALOG_GENERATE_SYMBOLS = YES;
				SWIFT_APPROACHABLE_CONCURRENCY = YES;
				SWIFT_EMIT_LOC_STRINGS = YES;
				SWIFT_UPCOMING_FEATURE_MEMBER_IMPORT_VISIBILITY = YES;
				SWIFT_VERSION = 5.0;
				TARGETED_DEVICE_FAMILY = "1,2";
			};
			name = Debug;
		};
		D9501C282F0079A300ED9FB6 /* Release */ = {
			isa = XCBuildConfiguration;
			buildSettings = {
				ASSETCATALOG_COMPILER_GLOBAL_ACCENT_COLOR_NAME = AccentColor;
				ASSETCATALOG_COMPILER_WIDGET_BACKGROUND_COLOR_NAME = WidgetBackground;
				CODE_SIGN_ENTITLEMENTS = HydrationWidgetExtension.entitlements;
				CODE_SIGN_STYLE = Automatic;
				CURRENT_PROJECT_VERSION = 1;
				DEVELOPMENT_TEAM = 3KZ25N2F2R;
				GENERATE_INFOPLIST_FILE = YES;
				INFOPLIST_FILE = HydrationWidget/Info.plist;
				INFOPLIST_KEY_CFBundleDisplayName = HydrationWidget;
				INFOPLIST_KEY_NSHumanReadableCopyright = "";
				LD_RUNPATH_SEARCH_PATHS = (
					"$(inherited)",
					"@executable_path/Frameworks",
					"@executable_path/../../Frameworks",
				);
				MARKETING_VERSION = 1.0;
				PRODUCT_BUNDLE_IDENTIFIER = com.fez.LifeFlow.HydrationWidget;
				PRODUCT_NAME = "$(TARGET_NAME)";
				SKIP_INSTALL = YES;
				STRING_CATALOG_GENERATE_SYMBOLS = YES;
				SWIFT_APPROACHABLE_CONCURRENCY = YES;
				SWIFT_EMIT_LOC_STRINGS = YES;
				SWIFT_UPCOMING_FEATURE_MEMBER_IMPORT_VISIBILITY = YES;
				SWIFT_VERSION = 5.0;
				TARGETED_DEVICE_FAMILY = "1,2";
			};
			name = Release;
		};
		D9501C862F00B52700ED9FB6 /* Debug */ = {
			isa = XCBuildConfiguration;
			buildSettings = {
				ASSETCATALOG_COMPILER_GLOBAL_ACCENT_COLOR_NAME = AccentColor;
				ASSETCATALOG_COMPILER_WIDGET_BACKGROUND_COLOR_NAME = WidgetBackground;
				CODE_SIGN_ENTITLEMENTS = GymWidgetsExtension.entitlements;
				CODE_SIGN_STYLE = Automatic;
				CURRENT_PROJECT_VERSION = 1;
				DEVELOPMENT_TEAM = 3KZ25N2F2R;
				GENERATE_INFOPLIST_FILE = YES;
				INFOPLIST_FILE = GymWidgets/Info.plist;
				INFOPLIST_KEY_CFBundleDisplayName = "Workout Live Activity";
				INFOPLIST_KEY_LSApplicationCategoryType = "";
				INFOPLIST_KEY_NSHumanReadableCopyright = "";
				INFOPLIST_KEY_NSSupportsLiveActivities = YES;
				LD_RUNPATH_SEARCH_PATHS = (
					"$(inherited)",
					"@executable_path/Frameworks",
					"@executable_path/../../Frameworks",
				);
				MARKETING_VERSION = 1.0;
				PRODUCT_BUNDLE_IDENTIFIER = com.fez.LifeFlow.GymWidgets;
				PRODUCT_NAME = "$(TARGET_NAME)";
				SKIP_INSTALL = YES;
				STRING_CATALOG_GENERATE_SYMBOLS = YES;
				SWIFT_APPROACHABLE_CONCURRENCY = YES;
				SWIFT_EMIT_LOC_STRINGS = YES;
				SWIFT_UPCOMING_FEATURE_MEMBER_IMPORT_VISIBILITY = YES;
				SWIFT_VERSION = 5.0;
				TARGETED_DEVICE_FAMILY = "1,2";
			};
			name = Debug;
		};
		D9501C872F00B52700ED9FB6 /* Release */ = {
			isa = XCBuildConfiguration;
			buildSettings = {
				ASSETCATALOG_COMPILER_GLOBAL_ACCENT_COLOR_NAME = AccentColor;
				ASSETCATALOG_COMPILER_WIDGET_BACKGROUND_COLOR_NAME = WidgetBackground;
				CODE_SIGN_ENTITLEMENTS = GymWidgetsExtension.entitlements;
				CODE_SIGN_STYLE = Automatic;
				CURRENT_PROJECT_VERSION = 1;
				DEVELOPMENT_TEAM = 3KZ25N2F2R;
				GENERATE_INFOPLIST_FILE = YES;
				INFOPLIST_FILE = GymWidgets/Info.plist;
				INFOPLIST_KEY_CFBundleDisplayName = "Workout Live Activity";
				INFOPLIST_KEY_LSApplicationCategoryType = "";
				INFOPLIST_KEY_NSHumanReadableCopyright = "";
				INFOPLIST_KEY_NSSupportsLiveActivities = YES;
				LD_RUNPATH_SEARCH_PATHS = (
					"$(inherited)",
					"@executable_path/Frameworks",
					"@executable_path/../../Frameworks",
				);
				MARKETING_VERSION = 1.0;
				PRODUCT_BUNDLE_IDENTIFIER = com.fez.LifeFlow.GymWidgets;
				PRODUCT_NAME = "$(TARGET_NAME)";
				SKIP_INSTALL = YES;
				STRING_CATALOG_GENERATE_SYMBOLS = YES;
				SWIFT_APPROACHABLE_CONCURRENCY = YES;
				SWIFT_EMIT_LOC_STRINGS = YES;
				SWIFT_UPCOMING_FEATURE_MEMBER_IMPORT_VISIBILITY = YES;
				SWIFT_VERSION = 5.0;
				TARGETED_DEVICE_FAMILY = "1,2";
			};
			name = Release;
		};
		F6CA847B58756807C82758BE /* Release */ = {
			isa = XCBuildConfiguration;
			buildSettings = {
				APPLICATION_EXTENSION_API_ONLY = YES;
				CODE_SIGN_ENTITLEMENTS = LifeFlowWatchWidgets/LifeFlowWatchWidgets.entitlements;
				GENERATE_INFOPLIST_FILE = NO;
				INFOPLIST_FILE = LifeFlowWatchWidgets/Info.plist;
				LD_RUNPATH_SEARCH_PATHS = (
					"$(inherited)",
					"@executable_path/Frameworks",
					"@executable_path/../../Frameworks",
				);
				PRODUCT_BUNDLE_IDENTIFIER = com.fez.LifeFlow.WatchWidgets;
				PRODUCT_MODULE_NAME = "$(TARGET_NAME:c99extidentifier)";
				PRODUCT_NAME = "$(TARGET_NAME)";
				SDKROOT = watchos;
				SKIP_INSTALL = YES;
				SWIFT_APPROACHABLE_CONCURRENCY = YES;
				SWIFT_DEFAULT_ACTOR_ISOLATION = MainActor;
				SWIFT_EMIT_LOC_STRINGS = YES;
				SWIFT_VERSION = 6.0;
				TARGETED_DEVICE_FAMILY = 4;
				VALIDATE_PRODUCT = YES;
				WATCHOS_DEPLOYMENT_TARGET = 26.2;
			};
			name = Release;
		};
		F8F2F3D93821C8FBE4829A9E /* Debug */ = {
			isa = XCBuildConfiguration;
			buildSettings = {
				APPLICATION_EXTENSION_API_ONLY = YES;
				CODE_SIGN_ENTITLEMENTS = LifeFlowWatchWidgets/LifeFlowWatchWidgets.entitlements;
				GENERATE_INFOPLIST_FILE = NO;
				INFOPLIST_FILE = LifeFlowWatchWidgets/Info.plist;
				LD_RUNPATH_SEARCH_PATHS = (
					"$(inherited)",
					"@executable_path/Frameworks",
					"@executable_path/../../Frameworks",
				);
				PRODUCT_BUNDLE_IDENTIFIER = com.fez.LifeFlow.WatchWidgets;
				PRODUCT_MODULE_NAME = "$(TARGET_NAME:c99extidentifier)";
				PRODUCT_NAME = "$(TARGET_NAME)";
				SDKROOT = watchos;
				SKIP_INSTALL = YES;
				SWIFT_APPROACHABLE_CONCURRENCY = YES;
				SWIFT_DEFAULT_ACTOR_ISOLATION = MainActor;
				SWIFT_EMIT_LOC_STRINGS = YES;
				SWIFT_VERSION = 6.0;
				TARGETED_DEVICE_FAMILY = 4;
				WATCHOS_DEPLOYMENT_TARGET = 26.2;
			};
			name = Debug;
		};
/* End XCBuildConfiguration section */

/* Begin XCConfigurationList section */
		29EAAEACAB31FCB24C33B0AB /* Build configuration list for PBXNativeTarget "LifeFlowWatchWidgetsExtension" */ = {
			isa = XCConfigurationList;
			buildConfigurations = (
				F6CA847B58756807C82758BE /* Release */,
				F8F2F3D93821C8FBE4829A9E /* Debug */,
			);
			defaultConfigurationIsVisible = 0;
			defaultConfigurationName = Release;
		};
		9B2AC067CE56388FED178D2A /* Build configuration list for PBXNativeTarget "LifeFlowWatchApp" */ = {
			isa = XCConfigurationList;
			buildConfigurations = (
				4FE11B864F4BBB3414CDD681 /* Release */,
				BD0C07B58C43218142F42450 /* Debug */,
			);
			defaultConfigurationIsVisible = 0;
			defaultConfigurationName = Release;
		};
		D9501B552EFF213E00ED9FB6 /* Build configuration list for PBXProject "LifeFlow" */ = {
			isa = XCConfigurationList;
			buildConfigurations = (
				D9501B652EFF213F00ED9FB6 /* Debug */,
				D9501B662EFF213F00ED9FB6 /* Release */,
			);
			defaultConfigurationIsVisible = 0;
			defaultConfigurationName = Release;
		};
		D9501B672EFF213F00ED9FB6 /* Build configuration list for PBXNativeTarget "LifeFlow" */ = {
			isa = XCConfigurationList;
			buildConfigurations = (
				D9501B682EFF213F00ED9FB6 /* Debug */,
				D9501B692EFF213F00ED9FB6 /* Release */,
			);
			defaultConfigurationIsVisible = 0;
			defaultConfigurationName = Release;
		};
		D9501C262F0079A300ED9FB6 /* Build configuration list for PBXNativeTarget "HydrationWidgetExtension" */ = {
			isa = XCConfigurationList;
			buildConfigurations = (
				D9501C272F0079A300ED9FB6 /* Debug */,
				D9501C282F0079A300ED9FB6 /* Release */,
			);
			defaultConfigurationIsVisible = 0;
			defaultConfigurationName = Release;
		};
		D9501C852F00B52700ED9FB6 /* Build configuration list for PBXNativeTarget "GymWidgetsExtension" */ = {
			isa = XCConfigurationList;
			buildConfigurations = (
				D9501C862F00B52700ED9FB6 /* Debug */,
				D9501C872F00B52700ED9FB6 /* Release */,
			);
			defaultConfigurationIsVisible = 0;
			defaultConfigurationName = Release;
		};
/* End XCConfigurationList section */

/* Begin XCLocalSwiftPackageReference section */
		74558FD12AEE6B70AC6B5A1B /* XCLocalSwiftPackageReference "LifeFlowCore" */ = {
			isa = XCLocalSwiftPackageReference;
			relativePath = LifeFlowCore;
		};
/* End XCLocalSwiftPackageReference section */

/* Begin XCSwiftPackageProductDependency section */
		495F1452743E5747E091D9A2 /* LifeFlowCore */ = {
			isa = XCSwiftPackageProductDependency;
			package = 74558FD12AEE6B70AC6B5A1B /* XCLocalSwiftPackageReference "LifeFlowCore" */;
			productName = LifeFlowCore;
		};
		741CD24F620CE5D7681A88A7 /* LifeFlowCore */ = {
			isa = XCSwiftPackageProductDependency;
			package = 74558FD12AEE6B70AC6B5A1B /* XCLocalSwiftPackageReference "LifeFlowCore" */;
			productName = LifeFlowCore;
		};
		F99043EF9B3E855242FBEFF5 /* LifeFlowCore */ = {
			isa = XCSwiftPackageProductDependency;
			package = 74558FD12AEE6B70AC6B5A1B /* XCLocalSwiftPackageReference "LifeFlowCore" */;
			productName = LifeFlowCore;
		};
/* End XCSwiftPackageProductDependency section */
	};
	rootObject = D9501B522EFF213E00ED9FB6 /* Project object */;
}
